
Microsoft Visual Studio Solution File, Format Version 12.00
# Visual Studio Version 17
VisualStudioVersion = 17.0.32112.339
MinimumVisualStudioVersion = 10.0.40219.1
Project("{FAE04EC0-301F-11D3-BF4B-00C04F79EFBC}") = "WebServer.Server", "WebServer.Server\WebServer.Server.csproj", "{AC2C847E-B0C2-4B77-B7CC-D5C119868039}"
EndProject
Project("{FAE04EC0-301F-11D3-BF4B-00C04F79EFBC}") = "WebServer.Demo", "WebServer.Demo\WebServer.Demo.csproj", "{284AE377-DA9C-4721-AC73-4BCBFD8C8C63}"
EndProject
Global
	GlobalSection(SolutionConfigurationPlatforms) = preSolution
		Debug|Any CPU = Debug|Any CPU
		Release|Any CPU = Release|Any CPU
	EndGlobalSection
	GlobalSection(ProjectConfigurationPlatforms) = postSolution
		{AC2C847E-B0C2-4B77-B7CC-D5C119868039}.Debug|Any CPU.ActiveCfg = Debug|Any CPU
		{AC2C847E-B0C2-4B77-B7CC-D5C119868039}.Debug|Any CPU.Build.0 = Debug|Any CPU
		{AC2C847E-B0C2-4B77-B7CC-D5C119868039}.Release|Any CPU.ActiveCfg = Release|Any CPU
		{AC2C847E-B0C2-4B77-B7CC-D5C119868039}.Release|Any CPU.Build.0 = Release|Any CPU
		{284AE377-DA9C-4721-AC73-4BCBFD8C8C63}.Debug|Any CPU.ActiveCfg = Debug|Any CPU
		{284AE377-DA9C-4721-AC73-4BCBFD8C8C63}.Debug|Any CPU.Build.0 = Debug|Any CPU
		{284AE377-DA9C-4721-AC73-4BCBFD8C8C63}.Release|Any CPU.ActiveCfg = Release|Any CPU
		{284AE377-DA9C-4721-AC73-4BCBFD8C8C63}.Release|Any CPU.Build.0 = Release|Any CPU
	EndGlobalSection
	GlobalSection(SolutionProperties) = preSolution
		HideSolutionNode = FALSE
	EndGlobalSection
	GlobalSection(ExtensibilityGlobals) = postSolution
		SolutionGuid = {1CE75DB6-0856-4E45-AC86-91DD6A952B76}
	EndGlobalSection
EndGlobal
