
Microsoft Visual Studio Solution File, Format Version 12.00
# Visual Studio Version 17
VisualStudioVersion = 17.0.32112.339
MinimumVisualStudioVersion = 10.0.40219.1
Project("{FAE04EC0-301F-11D3-BF4B-00C04F79EFBC}") = "WebServer", "WebServer\WebServer.csproj", "{EC6AD613-B6AE-4E45-85E7-E63E5970155E}"
EndProject
Global
	GlobalSection(SolutionConfigurationPlatforms) = preSolution
		Debug|Any CPU = Debug|Any CPU
		Release|Any CPU = Release|Any CPU
	EndGlobalSection
	GlobalSection(ProjectConfigurationPlatforms) = postSolution
		{EC6AD613-B6AE-4E45-85E7-E63E5970155E}.Debug|Any CPU.ActiveCfg = Debug|Any CPU
		{EC6AD613-B6AE-4E45-85E7-E63E5970155E}.Debug|Any CPU.Build.0 = Debug|Any CPU
		{EC6AD613-B6AE-4E45-85E7-E63E5970155E}.Release|Any CPU.ActiveCfg = Release|Any CPU
		{EC6AD613-B6AE-4E45-85E7-E63E5970155E}.Release|Any CPU.Build.0 = Release|Any CPU
	EndGlobalSection
	GlobalSection(SolutionProperties) = preSolution
		HideSolutionNode = FALSE
	EndGlobalSection
	GlobalSection(ExtensibilityGlobals) = postSolution
		SolutionGuid = {1CE75DB6-0856-4E45-AC86-91DD6A952B76}
	EndGlobalSection
EndGlobal
